
Microsoft Visual Studio Solution File, Format Version 11.00
# Visual Studio 2010
Project("{FAE04EC0-301F-11D3-BF4B-00C04F79EFBC}") = "AU FPS KIT v1.5", "Assembly-CSharp-firstpass.csproj", "{BD8FF0AC-CEBE-5E5E-F67F-CA1EC106C96C}"
EndProject
Project("{FAE04EC0-301F-11D3-BF4B-00C04F79EFBC}") = "AU FPS KIT v1.5", "Assembly-CSharp.csproj", "{22538A50-C8B7-CCFD-4CFF-9E7F0D18C2F6}"
EndProject
Project("{FAE04EC0-301F-11D3-BF4B-00C04F79EFBC}") = "AU FPS KIT v1.5", "Assembly-CSharp-Editor.csproj", "{111E74BD-A705-F137-2E39-D3846CAEA1D2}"
EndProject
Global
	GlobalSection(SolutionConfigurationPlatforms) = preSolution
		Debug|Any CPU = Debug|Any CPU
		Release|Any CPU = Release|Any CPU
	EndGlobalSection
	GlobalSection(ProjectConfigurationPlatforms) = postSolution
		{BD8FF0AC-CEBE-5E5E-F67F-CA1EC106C96C}.Debug|Any CPU.ActiveCfg = Debug|Any CPU
		{BD8FF0AC-CEBE-5E5E-F67F-CA1EC106C96C}.Debug|Any CPU.Build.0 = Debug|Any CPU
		{BD8FF0AC-CEBE-5E5E-F67F-CA1EC106C96C}.Release|Any CPU.ActiveCfg = Release|Any CPU
		{BD8FF0AC-CEBE-5E5E-F67F-CA1EC106C96C}.Release|Any CPU.Build.0 = Release|Any CPU
		{22538A50-C8B7-CCFD-4CFF-9E7F0D18C2F6}.Debug|Any CPU.ActiveCfg = Debug|Any CPU
		{22538A50-C8B7-CCFD-4CFF-9E7F0D18C2F6}.Debug|Any CPU.Build.0 = Debug|Any CPU
		{22538A50-C8B7-CCFD-4CFF-9E7F0D18C2F6}.Release|Any CPU.ActiveCfg = Release|Any CPU
		{22538A50-C8B7-CCFD-4CFF-9E7F0D18C2F6}.Release|Any CPU.Build.0 = Release|Any CPU
		{111E74BD-A705-F137-2E39-D3846CAEA1D2}.Debug|Any CPU.ActiveCfg = Debug|Any CPU
		{111E74BD-A705-F137-2E39-D3846CAEA1D2}.Debug|Any CPU.Build.0 = Debug|Any CPU
		{111E74BD-A705-F137-2E39-D3846CAEA1D2}.Release|Any CPU.ActiveCfg = Release|Any CPU
		{111E74BD-A705-F137-2E39-D3846CAEA1D2}.Release|Any CPU.Build.0 = Release|Any CPU
	EndGlobalSection
	GlobalSection(SolutionProperties) = preSolution
		HideSolutionNode = FALSE
	EndGlobalSection
	GlobalSection(MonoDevelopProperties) = preSolution
		StartupItem = Assembly-CSharp.csproj
	EndGlobalSection
EndGlobal
